
Microsoft Visual Studio Solution File, Format Version 12.00
# Visual Studio 15
Project("{FAE04EC0-301F-11D3-BF4B-00C04F79EFBC}") = "BlockadeLabsSDK.Runtime", "BlockadeLabsSDK.Runtime.csproj", "{EC9BBB12-7236-4D35-4D45-7B70D24C01D3}"
EndProject
Project("{FAE04EC0-301F-11D3-BF4B-00C04F79EFBC}") = "Assembly-CSharp", "Assembly-CSharp.csproj", "{6A385317-B98B-C509-4A02-911C202882D6}"
EndProject
Project("{FAE04EC0-301F-11D3-BF4B-00C04F79EFBC}") = "BlockadeLabsSDK.Editor", "BlockadeLabsSDK.Editor.csproj", "{6610940D-5C2F-26B3-AFB8-B0B6CD445940}"
EndProject
Project("{FAE04EC0-301F-11D3-BF4B-00C04F79EFBC}") = "Assembly-CSharp-Editor", "Assembly-CSharp-Editor.csproj", "{B19F7985-9446-F3BE-5E41-308FDDEBB477}"
EndProject
Project("{FAE04EC0-301F-11D3-BF4B-00C04F79EFBC}") = "BlockadeLabsSDK.Tests", "BlockadeLabsSDK.Tests.csproj", "{5FC7986F-4932-779B-9477-D1F7FAC90D09}"
EndProject
Global
	GlobalSection(SolutionConfigurationPlatforms) = preSolution
		Debug|Any CPU = Debug|Any CPU
		Release|Any CPU = Release|Any CPU
	EndGlobalSection
	GlobalSection(ProjectConfigurationPlatforms) = postSolution
		{EC9BBB12-7236-4D35-4D45-7B70D24C01D3}.Debug|Any CPU.ActiveCfg = Debug|Any CPU
		{EC9BBB12-7236-4D35-4D45-7B70D24C01D3}.Debug|Any CPU.Build.0 = Debug|Any CPU
		{EC9BBB12-7236-4D35-4D45-7B70D24C01D3}.Release|Any CPU.ActiveCfg = Release|Any CPU
		{EC9BBB12-7236-4D35-4D45-7B70D24C01D3}.Release|Any CPU.Build.0 = Release|Any CPU
		{6A385317-B98B-C509-4A02-911C202882D6}.Debug|Any CPU.ActiveCfg = Debug|Any CPU
		{6A385317-B98B-C509-4A02-911C202882D6}.Debug|Any CPU.Build.0 = Debug|Any CPU
		{6A385317-B98B-C509-4A02-911C202882D6}.Release|Any CPU.ActiveCfg = Release|Any CPU
		{6A385317-B98B-C509-4A02-911C202882D6}.Release|Any CPU.Build.0 = Release|Any CPU
		{6610940D-5C2F-26B3-AFB8-B0B6CD445940}.Debug|Any CPU.ActiveCfg = Debug|Any CPU
		{6610940D-5C2F-26B3-AFB8-B0B6CD445940}.Debug|Any CPU.Build.0 = Debug|Any CPU
		{6610940D-5C2F-26B3-AFB8-B0B6CD445940}.Release|Any CPU.ActiveCfg = Release|Any CPU
		{6610940D-5C2F-26B3-AFB8-B0B6CD445940}.Release|Any CPU.Build.0 = Release|Any CPU
		{B19F7985-9446-F3BE-5E41-308FDDEBB477}.Debug|Any CPU.ActiveCfg = Debug|Any CPU
		{B19F7985-9446-F3BE-5E41-308FDDEBB477}.Debug|Any CPU.Build.0 = Debug|Any CPU
		{B19F7985-9446-F3BE-5E41-308FDDEBB477}.Release|Any CPU.ActiveCfg = Release|Any CPU
		{B19F7985-9446-F3BE-5E41-308FDDEBB477}.Release|Any CPU.Build.0 = Release|Any CPU
		{5FC7986F-4932-779B-9477-D1F7FAC90D09}.Debug|Any CPU.ActiveCfg = Debug|Any CPU
		{5FC7986F-4932-779B-9477-D1F7FAC90D09}.Debug|Any CPU.Build.0 = Debug|Any CPU
		{5FC7986F-4932-779B-9477-D1F7FAC90D09}.Release|Any CPU.ActiveCfg = Release|Any CPU
		{5FC7986F-4932-779B-9477-D1F7FAC90D09}.Release|Any CPU.Build.0 = Release|Any CPU
	EndGlobalSection
	GlobalSection(SolutionProperties) = preSolution
		HideSolutionNode = FALSE
	EndGlobalSection
EndGlobal
